
Microsoft Visual Studio Solution File, Format Version 12.00
# Visual Studio Version 17
VisualStudioVersion = 17.6.33815.320
MinimumVisualStudioVersion = 10.0.40219.1
Project("{FAE04EC0-301F-11D3-BF4B-00C04F79EFBC}") = "SimpleWS-Client", "SimpleWS-Client\SimpleWS-Client.csproj", "{8B1A975F-2892-4352-BCE2-4BB0118AEC4A}"
EndProject
Global
	GlobalSection(SolutionConfigurationPlatforms) = preSolution
		Debug|Any CPU = Debug|Any CPU
		Release|Any CPU = Release|Any CPU
	EndGlobalSection
	GlobalSection(ProjectConfigurationPlatforms) = postSolution
		{8B1A975F-2892-4352-BCE2-4BB0118AEC4A}.Debug|Any CPU.ActiveCfg = Debug|Any CPU
		{8B1A975F-2892-4352-BCE2-4BB0118AEC4A}.Debug|Any CPU.Build.0 = Debug|Any CPU
		{8B1A975F-2892-4352-BCE2-4BB0118AEC4A}.Release|Any CPU.ActiveCfg = Release|Any CPU
		{8B1A975F-2892-4352-BCE2-4BB0118AEC4A}.Release|Any CPU.Build.0 = Release|Any CPU
	EndGlobalSection
	GlobalSection(SolutionProperties) = preSolution
		HideSolutionNode = FALSE
	EndGlobalSection
	GlobalSection(ExtensibilityGlobals) = postSolution
		SolutionGuid = {AA4B7A3C-04F4-498B-9B50-727D8DEF48E8}
	EndGlobalSection
EndGlobal
